
Microsoft Visual Studio Solution File, Format Version 12.00
# Visual Studio 15
VisualStudioVersion = 15.0.28307.2092
MinimumVisualStudioVersion = 10.0.40219.1
Project("{8BC9CEB8-8B4A-11D0-8D11-00A0C91BC942}") = "new_game", "new_game\new_game.vcxproj", "{21F3E015-B8BF-433D-9434-4DB33A57D71A}"
EndProject
Global
	GlobalSection(SolutionConfigurationPlatforms) = preSolution
		Debug|x64 = Debug|x64
		Debug|x86 = Debug|x86
		Release|x64 = Release|x64
		Release|x86 = Release|x86
	EndGlobalSection
	GlobalSection(ProjectConfigurationPlatforms) = postSolution
		{21F3E015-B8BF-433D-9434-4DB33A57D71A}.Debug|x64.ActiveCfg = Debug|x64
		{21F3E015-B8BF-433D-9434-4DB33A57D71A}.Debug|x64.Build.0 = Debug|x64
		{21F3E015-B8BF-433D-9434-4DB33A57D71A}.Debug|x86.ActiveCfg = Debug|Win32
		{21F3E015-B8BF-433D-9434-4DB33A57D71A}.Debug|x86.Build.0 = Debug|Win32
		{21F3E015-B8BF-433D-9434-4DB33A57D71A}.Release|x64.ActiveCfg = Release|x64
		{21F3E015-B8BF-433D-9434-4DB33A57D71A}.Release|x64.Build.0 = Release|x64
		{21F3E015-B8BF-433D-9434-4DB33A57D71A}.Release|x86.ActiveCfg = Release|Win32
		{21F3E015-B8BF-433D-9434-4DB33A57D71A}.Release|x86.Build.0 = Release|Win32
	EndGlobalSection
	GlobalSection(SolutionProperties) = preSolution
		HideSolutionNode = FALSE
	EndGlobalSection
	GlobalSection(ExtensibilityGlobals) = postSolution
		SolutionGuid = {B786BC9F-5C41-47DA-BD4B-3CA007E7607C}
	EndGlobalSection
EndGlobal
